// !$*UTF8*$!
{
	archiveVersion = 1;
	classes = {
	};
	objectVersion = 56;
	objects = {

/* Begin PBXBuildFile section */
		3463A2AE185DAC490F7E7323 /* Pods_Plame.framework in Frameworks */ = {isa = PBXBuildFile; fileRef = 8352146D70C94B60F219B7CC /* Pods_Plame.framework */; };
		3C22034A29F9732600F857D9 /* AddVC.swift in Sources */ = {isa = PBXBuildFile; fileRef = 3C22034929F9732600F857D9 /* AddVC.swift */; };
		3C22034C29F975C300F857D9 /* MapVC.swift in Sources */ = {isa = PBXBuildFile; fileRef = 3C22034B29F975C300F857D9 /* MapVC.swift */; };
		3C22034E29F97C1600F857D9 /* DetailsVC.swift in Sources */ = {isa = PBXBuildFile; fileRef = 3C22034D29F97C1600F857D9 /* DetailsVC.swift */; };
		3C27853429EF19C1002CC389 /* Assets.xcassets in Resources */ = {isa = PBXBuildFile; fileRef = 3C27853329EF19C1002CC389 /* Assets.xcassets */; };
		3C3691D129EEE78D00DA1551 /* AppDelegate.swift in Sources */ = {isa = PBXBuildFile; fileRef = 3C3691D029EEE78D00DA1551 /* AppDelegate.swift */; };
		3C3691D329EEE78D00DA1551 /* SceneDelegate.swift in Sources */ = {isa = PBXBuildFile; fileRef = 3C3691D229EEE78D00DA1551 /* SceneDelegate.swift */; };
		3C3691D529EEE78D00DA1551 /* ViewController.swift in Sources */ = {isa = PBXBuildFile; fileRef = 3C3691D429EEE78D00DA1551 /* ViewController.swift */; };
		3C3691D829EEE78D00DA1551 /* Main.storyboard in Resources */ = {isa = PBXBuildFile; fileRef = 3C3691D629EEE78D00DA1551 /* Main.storyboard */; };
		3C3691DD29EEE78F00DA1551 /* LaunchScreen.storyboard in Resources */ = {isa = PBXBuildFile; fileRef = 3C3691DB29EEE78F00DA1551 /* LaunchScreen.storyboard */; };
		3C4BFE532A02E06B00CC1193 /* PlaceModel.swift in Sources */ = {isa = PBXBuildFile; fileRef = 3C4BFE522A02E06B00CC1193 /* PlaceModel.swift */; };
		3CA1F65D29F4A0CB008B38A8 /* RegisterViewController.swift in Sources */ = {isa = PBXBuildFile; fileRef = 3CA1F65C29F4A0CB008B38A8 /* RegisterViewController.swift */; };
		3CDD938629F94D3E00B6CBFA /* PlacesVC.swift in Sources */ = {isa = PBXBuildFile; fileRef = 3CDD938529F94D3E00B6CBFA /* PlacesVC.swift */; };
/* End PBXBuildFile section */

/* Begin PBXFileReference section */
		3C22034929F9732600F857D9 /* AddVC.swift */ = {isa = PBXFileReference; lastKnownFileType = sourcecode.swift; path = AddVC.swift; sourceTree = "<group>"; };
		3C22034B29F975C300F857D9 /* MapVC.swift */ = {isa = PBXFileReference; lastKnownFileType = sourcecode.swift; path = MapVC.swift; sourceTree = "<group>"; };
		3C22034D29F97C1600F857D9 /* DetailsVC.swift */ = {isa = PBXFileReference; lastKnownFileType = sourcecode.swift; path = DetailsVC.swift; sourceTree = "<group>"; };
		3C27853329EF19C1002CC389 /* Assets.xcassets */ = {isa = PBXFileReference; lastKnownFileType = folder.assetcatalog; path = Assets.xcassets; sourceTree = "<group>"; };
		3C3691CD29EEE78D00DA1551 /* Plame.app */ = {isa = PBXFileReference; explicitFileType = wrapper.application; includeInIndex = 0; path = Plame.app; sourceTree = BUILT_PRODUCTS_DIR; };
		3C3691D029EEE78D00DA1551 /* AppDelegate.swift */ = {isa = PBXFileReference; lastKnownFileType = sourcecode.swift; path = AppDelegate.swift; sourceTree = "<group>"; };
		3C3691D229EEE78D00DA1551 /* SceneDelegate.swift */ = {isa = PBXFileReference; lastKnownFileType = sourcecode.swift; path = SceneDelegate.swift; sourceTree = "<group>"; };
		3C3691D429EEE78D00DA1551 /* ViewController.swift */ = {isa = PBXFileReference; lastKnownFileType = sourcecode.swift; path = ViewController.swift; sourceTree = "<group>"; };
		3C3691D729EEE78D00DA1551 /* Base */ = {isa = PBXFileReference; lastKnownFileType = file.storyboard; name = Base; path = Base.lproj/Main.storyboard; sourceTree = "<group>"; };
		3C3691DC29EEE78F00DA1551 /* Base */ = {isa = PBXFileReference; lastKnownFileType = file.storyboard; name = Base; path = Base.lproj/LaunchScreen.storyboard; sourceTree = "<group>"; };
		3C3691DE29EEE78F00DA1551 /* Info.plist */ = {isa = PBXFileReference; lastKnownFileType = text.plist.xml; path = Info.plist; sourceTree = "<group>"; };
		3C4BFE522A02E06B00CC1193 /* PlaceModel.swift */ = {isa = PBXFileReference; lastKnownFileType = sourcecode.swift; path = PlaceModel.swift; sourceTree = "<group>"; };
		3CA1F65C29F4A0CB008B38A8 /* RegisterViewController.swift */ = {isa = PBXFileReference; lastKnownFileType = sourcecode.swift; path = RegisterViewController.swift; sourceTree = "<group>"; };
		3CDD938529F94D3E00B6CBFA /* PlacesVC.swift */ = {isa = PBXFileReference; lastKnownFileType = sourcecode.swift; path = PlacesVC.swift; sourceTree = "<group>"; };
		8352146D70C94B60F219B7CC /* Pods_Plame.framework */ = {isa = PBXFileReference; explicitFileType = wrapper.framework; includeInIndex = 0; path = Pods_Plame.framework; sourceTree = BUILT_PRODUCTS_DIR; };
		AF9B07FA6D4C17E9C13F0A16 /* Pods-Plame.debug.xcconfig */ = {isa = PBXFileReference; includeInIndex = 1; lastKnownFileType = text.xcconfig; name = "Pods-Plame.debug.xcconfig"; path = "Target Support Files/Pods-Plame/Pods-Plame.debug.xcconfig"; sourceTree = "<group>"; };
		D3254CF6A36070302766483D /* Pods-Plame.release.xcconfig */ = {isa = PBXFileReference; includeInIndex = 1; lastKnownFileType = text.xcconfig; name = "Pods-Plame.release.xcconfig"; path = "Target Support Files/Pods-Plame/Pods-Plame.release.xcconfig"; sourceTree = "<group>"; };
/* End PBXFileReference section */

/* Begin PBXFrameworksBuildPhase section */
		3C3691CA29EEE78D00DA1551 /* Frameworks */ = {
			isa = PBXFrameworksBuildPhase;
			buildActionMask = 2147483647;
			files = (
				3463A2AE185DAC490F7E7323 /* Pods_Plame.framework in Frameworks */,
			);
			runOnlyForDeploymentPostprocessing = 0;
		};
/* End PBXFrameworksBuildPhase section */

/* Begin PBXGroup section */
		3148FBC3076222D120D30225 /* Frameworks */ = {
			isa = PBXGroup;
			children = (
				8352146D70C94B60F219B7CC /* Pods_Plame.framework */,
			);
			name = Frameworks;
			sourceTree = "<group>";
		};
		3C3691C429EEE78D00DA1551 = {
			isa = PBXGroup;
			children = (
				3C3691CF29EEE78D00DA1551 /* Plame */,
				3C3691CE29EEE78D00DA1551 /* Products */,
				AEF413B1A320F696E1831EBA /* Pods */,
				3148FBC3076222D120D30225 /* Frameworks */,
			);
			sourceTree = "<group>";
		};
		3C3691CE29EEE78D00DA1551 /* Products */ = {
			isa = PBXGroup;
			children = (
				3C3691CD29EEE78D00DA1551 /* Plame.app */,
			);
			name = Products;
			sourceTree = "<group>";
		};
		3C3691CF29EEE78D00DA1551 /* Plame */ = {
			isa = PBXGroup;
			children = (
				3C3691D029EEE78D00DA1551 /* AppDelegate.swift */,
				3C3691D229EEE78D00DA1551 /* SceneDelegate.swift */,
				3C4BFE522A02E06B00CC1193 /* PlaceModel.swift */,
				3C22034D29F97C1600F857D9 /* DetailsVC.swift */,
				3C22034B29F975C300F857D9 /* MapVC.swift */,
				3C22034929F9732600F857D9 /* AddVC.swift */,
				3CDD938529F94D3E00B6CBFA /* PlacesVC.swift */,
				3CA1F65C29F4A0CB008B38A8 /* RegisterViewController.swift */,
				3C3691D429EEE78D00DA1551 /* ViewController.swift */,
				3C3691D629EEE78D00DA1551 /* Main.storyboard */,
				3C27853329EF19C1002CC389 /* Assets.xcassets */,
				3C3691DB29EEE78F00DA1551 /* LaunchScreen.storyboard */,
				3C3691DE29EEE78F00DA1551 /* Info.plist */,
			);
			path = Plame;
			sourceTree = "<group>";
		};
		AEF413B1A320F696E1831EBA /* Pods */ = {
			isa = PBXGroup;
			children = (
				AF9B07FA6D4C17E9C13F0A16 /* Pods-Plame.debug.xcconfig */,
				D3254CF6A36070302766483D /* Pods-Plame.release.xcconfig */,
			);
			path = Pods;
			sourceTree = "<group>";
		};
/* End PBXGroup section */

/* Begin PBXNativeTarget section */
		3C3691CC29EEE78D00DA1551 /* Plame */ = {
			isa = PBXNativeTarget;
			buildConfigurationList = 3C3691E129EEE78F00DA1551 /* Build configuration list for PBXNativeTarget "Plame" */;
			buildPhases = (
				F128F437CE33071FC452BD03 /* [CP] Check Pods Manifest.lock */,
				3C3691C929EEE78D00DA1551 /* Sources */,
				3C3691CA29EEE78D00DA1551 /* Frameworks */,
				3C3691CB29EEE78D00DA1551 /* Resources */,
				C577EBB1C24EC287AF643C92 /* [CP] Embed Pods Frameworks */,
			);
			buildRules = (
			);
			dependencies = (
			);
			name = Plame;
			productName = Plame;
			productReference = 3C3691CD29EEE78D00DA1551 /* Plame.app */;
			productType = "com.apple.product-type.application";
		};
/* End PBXNativeTarget section */

/* Begin PBXProject section */
		3C3691C529EEE78D00DA1551 /* Project object */ = {
			isa = PBXProject;
			attributes = {
				BuildIndependentTargetsInParallel = 1;
				LastSwiftUpdateCheck = 1400;
				LastUpgradeCheck = 1400;
				TargetAttributes = {
					3C3691CC29EEE78D00DA1551 = {
						CreatedOnToolsVersion = 14.0.1;
					};
				};
			};
			buildConfigurationList = 3C3691C829EEE78D00DA1551 /* Build configuration list for PBXProject "Plame" */;
			compatibilityVersion = "Xcode 14.0";
			developmentRegion = en;
			hasScannedForEncodings = 0;
			knownRegions = (
				en,
				Base,
			);
			mainGroup = 3C3691C429EEE78D00DA1551;
			productRefGroup = 3C3691CE29EEE78D00DA1551 /* Products */;
			projectDirPath = "";
			projectRoot = "";
			targets = (
				3C3691CC29EEE78D00DA1551 /* Plame */,
			);
		};
/* End PBXProject section */

/* Begin PBXResourcesBuildPhase section */
		3C3691CB29EEE78D00DA1551 /* Resources */ = {
			isa = PBXResourcesBuildPhase;
			buildActionMask = 2147483647;
			files = (
				3C3691DD29EEE78F00DA1551 /* LaunchScreen.storyboard in Resources */,
				3C27853429EF19C1002CC389 /* Assets.xcassets in Resources */,
				3C3691D829EEE78D00DA1551 /* Main.storyboard in Resources */,
			);
			runOnlyForDeploymentPostprocessing = 0;
		};
/* End PBXResourcesBuildPhase section */

/* Begin PBXShellScriptBuildPhase section */
		C577EBB1C24EC287AF643C92 /* [CP] Embed Pods Frameworks */ = {
			isa = PBXShellScriptBuildPhase;
			buildActionMask = 2147483647;
			files = (
			);
			inputFileListPaths = (
				"${PODS_ROOT}/Target Support Files/Pods-Plame/Pods-Plame-frameworks-${CONFIGURATION}-input-files.xcfilelist",
			);
			name = "[CP] Embed Pods Frameworks";
			outputFileListPaths = (
				"${PODS_ROOT}/Target Support Files/Pods-Plame/Pods-Plame-frameworks-${CONFIGURATION}-output-files.xcfilelist",
			);
			runOnlyForDeploymentPostprocessing = 0;
			shellPath = /bin/sh;
			shellScript = "\"${PODS_ROOT}/Target Support Files/Pods-Plame/Pods-Plame-frameworks.sh\"\n";
			showEnvVarsInLog = 0;
		};
		F128F437CE33071FC452BD03 /* [CP] Check Pods Manifest.lock */ = {
			isa = PBXShellScriptBuildPhase;
			buildActionMask = 2147483647;
			files = (
			);
			inputFileListPaths = (
			);
			inputPaths = (
				"${PODS_PODFILE_DIR_PATH}/Podfile.lock",
				"${PODS_ROOT}/Manifest.lock",
			);
			name = "[CP] Check Pods Manifest.lock";
			outputFileListPaths = (
			);
			outputPaths = (
				"$(DERIVED_FILE_DIR)/Pods-Plame-checkManifestLockResult.txt",
			);
			runOnlyForDeploymentPostprocessing = 0;
			shellPath = /bin/sh;
			shellScript = "diff \"${PODS_PODFILE_DIR_PATH}/Podfile.lock\" \"${PODS_ROOT}/Manifest.lock\" > /dev/null\nif [ $? != 0 ] ; then\n    # print error to STDERR\n    echo \"error: The sandbox is not in sync with the Podfile.lock. Run 'pod install' or update your CocoaPods installation.\" >&2\n    exit 1\nfi\n# This output is used by Xcode 'outputs' to avoid re-running this script phase.\necho \"SUCCESS\" > \"${SCRIPT_OUTPUT_FILE_0}\"\n";
			showEnvVarsInLog = 0;
		};
/* End PBXShellScriptBuildPhase section */

/* Begin PBXSourcesBuildPhase section */
		3C3691C929EEE78D00DA1551 /* Sources */ = {
			isa = PBXSourcesBuildPhase;
			buildActionMask = 2147483647;
			files = (
				3C22034A29F9732600F857D9 /* AddVC.swift in Sources */,
				3C22034E29F97C1600F857D9 /* DetailsVC.swift in Sources */,
				3C3691D529EEE78D00DA1551 /* ViewController.swift in Sources */,
				3C3691D129EEE78D00DA1551 /* AppDelegate.swift in Sources */,
				3C3691D329EEE78D00DA1551 /* SceneDelegate.swift in Sources */,
				3C22034C29F975C300F857D9 /* MapVC.swift in Sources */,
				3CA1F65D29F4A0CB008B38A8 /* RegisterViewController.swift in Sources */,
				3C4BFE532A02E06B00CC1193 /* PlaceModel.swift in Sources */,
				3CDD938629F94D3E00B6CBFA /* PlacesVC.swift in Sources */,
			);
			runOnlyForDeploymentPostprocessing = 0;
		};
/* End PBXSourcesBuildPhase section */

/* Begin PBXVariantGroup section */
		3C3691D629EEE78D00DA1551 /* Main.storyboard */ = {
			isa = PBXVariantGroup;
			children = (
				3C3691D729EEE78D00DA1551 /* Base */,
			);
			name = Main.storyboard;
			sourceTree = "<group>";
		};
		3C3691DB29EEE78F00DA1551 /* LaunchScreen.storyboard */ = {
			isa = PBXVariantGroup;
			children = (
				3C3691DC29EEE78F00DA1551 /* Base */,
			);
			name = LaunchScreen.storyboard;
			sourceTree = "<group>";
		};
/* End PBXVariantGroup section */

/* Begin XCBuildConfiguration section */
		3C3691DF29EEE78F00DA1551 /* Debug */ = {
			isa = XCBuildConfiguration;
			buildSettings = {
				ALWAYS_SEARCH_USER_PATHS = NO;
				CLANG_ANALYZER_NONNULL = YES;
				CLANG_ANALYZER_NUMBER_OBJECT_CONVERSION = YES_AGGRESSIVE;
				CLANG_CXX_LANGUAGE_STANDARD = "gnu++20";
				CLANG_ENABLE_MODULES = YES;
				CLANG_ENABLE_OBJC_ARC = YES;
				CLANG_ENABLE_OBJC_WEAK = YES;
				CLANG_WARN_BLOCK_CAPTURE_AUTORELEASING = YES;
				CLANG_WARN_BOOL_CONVERSION = YES;
				CLANG_WARN_COMMA = YES;
				CLANG_WARN_CONSTANT_CONVERSION = YES;
				CLANG_WARN_DEPRECATED_OBJC_IMPLEMENTATIONS = YES;
				CLANG_WARN_DIRECT_OBJC_ISA_USAGE = YES_ERROR;
				CLANG_WARN_DOCUMENTATION_COMMENTS = YES;
				CLANG_WARN_EMPTY_BODY = YES;
				CLANG_WARN_ENUM_CONVERSION = YES;
				CLANG_WARN_INFINITE_RECURSION = YES;
				CLANG_WARN_INT_CONVERSION = YES;
				CLANG_WARN_NON_LITERAL_NULL_CONVERSION = YES;
				CLANG_WARN_OBJC_IMPLICIT_RETAIN_SELF = YES;
				CLANG_WARN_OBJC_LITERAL_CONVERSION = YES;
				CLANG_WARN_OBJC_ROOT_CLASS = YES_ERROR;
				CLANG_WARN_QUOTED_INCLUDE_IN_FRAMEWORK_HEADER = YES;
				CLANG_WARN_RANGE_LOOP_ANALYSIS = YES;
				CLANG_WARN_STRICT_PROTOTYPES = YES;
				CLANG_WARN_SUSPICIOUS_MOVE = YES;
				CLANG_WARN_UNGUARDED_AVAILABILITY = YES_AGGRESSIVE;
				CLANG_WARN_UNREACHABLE_CODE = YES;
				CLANG_WARN__DUPLICATE_METHOD_MATCH = YES;
				COPY_PHASE_STRIP = NO;
				DEBUG_INFORMATION_FORMAT = dwarf;
				ENABLE_STRICT_OBJC_MSGSEND = YES;
				ENABLE_TESTABILITY = YES;
				GCC_C_LANGUAGE_STANDARD = gnu11;
				GCC_DYNAMIC_NO_PIC = NO;
				GCC_NO_COMMON_BLOCKS = YES;
				GCC_OPTIMIZATION_LEVEL = 0;
				GCC_PREPROCESSOR_DEFINITIONS = (
					"DEBUG=1",
					"$(inherited)",
				);
				GCC_WARN_64_TO_32_BIT_CONVERSION = YES;
				GCC_WARN_ABOUT_RETURN_TYPE = YES_ERROR;
				GCC_WARN_UNDECLARED_SELECTOR = YES;
				GCC_WARN_UNINITIALIZED_AUTOS = YES_AGGRESSIVE;
				GCC_WARN_UNUSED_FUNCTION = YES;
				GCC_WARN_UNUSED_VARIABLE = YES;
				IPHONEOS_DEPLOYMENT_TARGET = 16.0;
				MTL_ENABLE_DEBUG_INFO = INCLUDE_SOURCE;
				MTL_FAST_MATH = YES;
				ONLY_ACTIVE_ARCH = YES;
				SDKROOT = iphoneos;
				SWIFT_ACTIVE_COMPILATION_CONDITIONS = DEBUG;
				SWIFT_OPTIMIZATION_LEVEL = "-Onone";
			};
			name = Debug;
		};
		3C3691E029EEE78F00DA1551 /* Release */ = {
			isa = XCBuildConfiguration;
			buildSettings = {
				ALWAYS_SEARCH_USER_PATHS = NO;
				CLANG_ANALYZER_NONNULL = YES;
				CLANG_ANALYZER_NUMBER_OBJECT_CONVERSION = YES_AGGRESSIVE;
				CLANG_CXX_LANGUAGE_STANDARD = "gnu++20";
				CLANG_ENABLE_MODULES = YES;
				CLANG_ENABLE_OBJC_ARC = YES;
				CLANG_ENABLE_OBJC_WEAK = YES;
				CLANG_WARN_BLOCK_CAPTURE_AUTORELEASING = YES;
				CLANG_WARN_BOOL_CONVERSION = YES;
				CLANG_WARN_COMMA = YES;
				CLANG_WARN_CONSTANT_CONVERSION = YES;
				CLANG_WARN_DEPRECATED_OBJC_IMPLEMENTATIONS = YES;
				CLANG_WARN_DIRECT_OBJC_ISA_USAGE = YES_ERROR;
				CLANG_WARN_DOCUMENTATION_COMMENTS = YES;
				CLANG_WARN_EMPTY_BODY = YES;
				CLANG_WARN_ENUM_CONVERSION = YES;
				CLANG_WARN_INFINITE_RECURSION = YES;
				CLANG_WARN_INT_CONVERSION = YES;
				CLANG_WARN_NON_LITERAL_NULL_CONVERSION = YES;
				CLANG_WARN_OBJC_IMPLICIT_RETAIN_SELF = YES;
				CLANG_WARN_OBJC_LITERAL_CONVERSION = YES;
				CLANG_WARN_OBJC_ROOT_CLASS = YES_ERROR;
				CLANG_WARN_QUOTED_INCLUDE_IN_FRAMEWORK_HEADER = YES;
				CLANG_WARN_RANGE_LOOP_ANALYSIS = YES;
				CLANG_WARN_STRICT_PROTOTYPES = YES;
				CLANG_WARN_SUSPICIOUS_MOVE = YES;
				CLANG_WARN_UNGUARDED_AVAILABILITY = YES_AGGRESSIVE;
				CLANG_WARN_UNREACHABLE_CODE = YES;
				CLANG_WARN__DUPLICATE_METHOD_MATCH = YES;
				COPY_PHASE_STRIP = NO;
				DEBUG_INFORMATION_FORMAT = "dwarf-with-dsym";
				ENABLE_NS_ASSERTIONS = NO;
				ENABLE_STRICT_OBJC_MSGSEND = YES;
				GCC_C_LANGUAGE_STANDARD = gnu11;
				GCC_NO_COMMON_BLOCKS = YES;
				GCC_WARN_64_TO_32_BIT_CONVERSION = YES;
				GCC_WARN_ABOUT_RETURN_TYPE = YES_ERROR;
				GCC_WARN_UNDECLARED_SELECTOR = YES;
				GCC_WARN_UNINITIALIZED_AUTOS = YES_AGGRESSIVE;
				GCC_WARN_UNUSED_FUNCTION = YES;
				GCC_WARN_UNUSED_VARIABLE = YES;
				IPHONEOS_DEPLOYMENT_TARGET = 16.0;
				MTL_ENABLE_DEBUG_INFO = NO;
				MTL_FAST_MATH = YES;
				SDKROOT = iphoneos;
				SWIFT_COMPILATION_MODE = wholemodule;
				SWIFT_OPTIMIZATION_LEVEL = "-O";
				VALIDATE_PRODUCT = YES;
			};
			name = Release;
		};
		3C3691E229EEE78F00DA1551 /* Debug */ = {
			isa = XCBuildConfiguration;
			baseConfigurationReference = AF9B07FA6D4C17E9C13F0A16 /* Pods-Plame.debug.xcconfig */;
			buildSettings = {
				ASSETCATALOG_COMPILER_APPICON_NAME = AppIcon;
				ASSETCATALOG_COMPILER_GLOBAL_ACCENT_COLOR_NAME = AccentColor;
				CODE_SIGN_STYLE = Automatic;
				CURRENT_PROJECT_VERSION = 1;
				DEVELOPMENT_TEAM = PYS8QL65F7;
				GENERATE_INFOPLIST_FILE = YES;
				INFOPLIST_FILE = Plame/Info.plist;
				INFOPLIST_KEY_UIApplicationSupportsIndirectInputEvents = YES;
				INFOPLIST_KEY_UILaunchStoryboardName = LaunchScreen;
				INFOPLIST_KEY_UIMainStoryboardFile = Main;
				INFOPLIST_KEY_UISupportedInterfaceOrientations_iPad = "UIInterfaceOrientationPortrait UIInterfaceOrientationPortraitUpsideDown UIInterfaceOrientationLandscapeLeft UIInterfaceOrientationLandscapeRight";
				INFOPLIST_KEY_UISupportedInterfaceOrientations_iPhone = "UIInterfaceOrientationPortrait UIInterfaceOrientationLandscapeLeft UIInterfaceOrientationLandscapeRight";
				LD_RUNPATH_SEARCH_PATHS = (
					"$(inherited)",
					"@executable_path/Frameworks",
				);
				MARKETING_VERSION = 1.0;
				PRODUCT_BUNDLE_IDENTIFIER = com.azimgunes.Plame;
				PRODUCT_NAME = "$(TARGET_NAME)";
				SWIFT_EMIT_LOC_STRINGS = YES;
				SWIFT_VERSION = 5.0;
				TARGETED_DEVICE_FAMILY = "1,2";
			};
			name = Debug;
		};
		3C3691E329EEE78F00DA1551 /* Release */ = {
			isa = XCBuildConfiguration;
			baseConfigurationReference = D3254CF6A36070302766483D /* Pods-Plame.release.xcconfig */;
			buildSettings = {
				ASSETCATALOG_COMPILER_APPICON_NAME = AppIcon;
				ASSETCATALOG_COMPILER_GLOBAL_ACCENT_COLOR_NAME = AccentColor;
				CODE_SIGN_STYLE = Automatic;
				CURRENT_PROJECT_VERSION = 1;
				DEVELOPMENT_TEAM = PYS8QL65F7;
				GENERATE_INFOPLIST_FILE = YES;
				INFOPLIST_FILE = Plame/Info.plist;
				INFOPLIST_KEY_UIApplicationSupportsIndirectInputEvents = YES;
				INFOPLIST_KEY_UILaunchStoryboardName = LaunchScreen;
				INFOPLIST_KEY_UIMainStoryboardFile = Main;
				INFOPLIST_KEY_UISupportedInterfaceOrientations_iPad = "UIInterfaceOrientationPortrait UIInterfaceOrientationPortraitUpsideDown UIInterfaceOrientationLandscapeLeft UIInterfaceOrientationLandscapeRight";
				INFOPLIST_KEY_UISupportedInterfaceOrientations_iPhone = "UIInterfaceOrientationPortrait UIInterfaceOrientationLandscapeLeft UIInterfaceOrientationLandscapeRight";
				LD_RUNPATH_SEARCH_PATHS = (
					"$(inherited)",
					"@executable_path/Frameworks",
				);
				MARKETING_VERSION = 1.0;
				PRODUCT_BUNDLE_IDENTIFIER = com.azimgunes.Plame;
				PRODUCT_NAME = "$(TARGET_NAME)";
				SWIFT_EMIT_LOC_STRINGS = YES;
				SWIFT_VERSION = 5.0;
				TARGETED_DEVICE_FAMILY = "1,2";
			};
			name = Release;
		};
/* End XCBuildConfiguration section */

/* Begin XCConfigurationList section */
		3C3691C829EEE78D00DA1551 /* Build configuration list for PBXProject "Plame" */ = {
			isa = XCConfigurationList;
			buildConfigurations = (
				3C3691DF29EEE78F00DA1551 /* Debug */,
				3C3691E029EEE78F00DA1551 /* Release */,
			);
			defaultConfigurationIsVisible = 0;
			defaultConfigurationName = Release;
		};
		3C3691E129EEE78F00DA1551 /* Build configuration list for PBXNativeTarget "Plame" */ = {
			isa = XCConfigurationList;
			buildConfigurations = (
				3C3691E229EEE78F00DA1551 /* Debug */,
				3C3691E329EEE78F00DA1551 /* Release */,
			);
			defaultConfigurationIsVisible = 0;
			defaultConfigurationName = Release;
		};
/* End XCConfigurationList section */
	};
	rootObject = 3C3691C529EEE78D00DA1551 /* Project object */;
}
